cel.dev/expr v0.19.1 h1:NciYrtDRIR0lNCnH1LFJegdjspNx9fI59O7TWcua/W4=
cel.dev/expr v0.19.1/go.mod h1:MrpN08Q+lEBs+bGYdLxxHkZoUSsCp0nSKTs0nTymJgw=
cloud.google.com/go/compute/metadata v0.6.0 h1:A6hENjEsCDtC1k8byVsgwvVcioamEHvZ4j01OwKxG9I=
cloud.google.com/go/compute/metadata v0.6.0/go.mod h1:FjyFAW1MW0C203CEOMDTu3Dk1FlqW3Rga40jzHL4hfg=
decred.org/cspp/v2 v2.4.0 h1:whb0YW+UELHJS/UfT5MBXSJXrKUVw5omhgKNhjzYix4=
decred.org/cspp/v2 v2.4.0/go.mod h1:9nO3bfvCheOPIFZw5f6sRQ42CjBFB5RKSaJ9Iq6G4MA=
github.com/GoogleCloudPlatform/opentelemetry-operations-go/detectors/gcp v1.25.0 h1:3c8yed4lgqTt+oTQ+JNMDo+F4xprBf+O/il4ZC0nRLw=
github.com/GoogleCloudPlatform/opentelemetry-operations-go/detectors/gcp v1.25.0/go.mod h1:obipzmGjfSjam60XLwGfqUkJsfiheAl+TUjG+4yzyPM=
github.com/agl/ed25519 v0.0.0-20170116200512-5312a6153412 h1:w1UutsfOrms1J05zt7ISrnJIXKzwaspym5BTKGx93EI=
github.com/agl/ed25519 v0.0.0-20170116200512-5312a6153412/go.mod h1:WPjqKcmVOxf0XSf3YxCJs6N6AOSrOx3obionmG7T0y0=
github.com/cespare/xxhash/v2 v2.3.0 h1:UL815xU9SqsFlibzuggzjXhog7bL6oX9BbNZnL2UFvs=
github.com/cespare/xxhash/v2 v2.3.0/go.mod h1:VGX0DQ3Q6kWi7AoAeZDth3/j3BFtOZR5XLFGgcrjCOs=
github.com/cncf/xds/go v0.0.0-20241223141626-cff3c89139a3 h1:boJj011Hh+874zpIySeApCX4GeOjPl9qhRF3QuIZq+Q=
github.com/cncf/xds/go v0.0.0-20241223141626-cff3c89139a3/go.mod h1:W+zGtBO5Y1IgJhy4+A9GOqVhqLpfZi+vwmdNXUehLA8=
github.com/companyzero/sntrup4591761 v0.0.0-20220309191932-9e0f3af2f07a h1:clYxJ3Os0EQUKDDVU8M0oipllX0EkuFNBfhVQuIfyF0=
github.com/companyzero/sntrup4591761 v0.0.0-20220309191932-9e0f3af2f07a/go.mod h1:z/9Ck1EDixEbBbZ2KH2qNHekEmDLTOZ+FyoIPWWSVOI=
github.com/davecgh/go-spew v1.1.1 h1:vj9j/u1bqnvCEfJOwUhtlOARqs3+rkHYY13jYWTU97c=
github.com/davecgh/go-spew v1.1.1/go.mod h1:J7Y8YcW2NihsgmVo/mv3lAwl/skON4iLHjSsI+c5H38=
github.com/dchest/siphash v1.2.3 h1:QXwFc8cFOR2dSa/gE6o/HokBMWtLUaNDVd+22aKHeEA=
github.com/dchest/siphash v1.2.3/go.mod h1:0NvQU092bT0ipiFN++/rXm69QG9tVxLAlQHIXMPAkHc=
github.com/decred/base58 v1.0.6 h1:NXndBcO+ubGZORV3EulvqeBcMuQM7doqVGa7pBhMOs4=
github.com/decred/base58 v1.0.6/go.mod h1:KR7Oh9njDPXTagD4P67KJZwroL8jT653u8CffkYqhcQ=
github.com/decred/dcrd/chaincfg/chainhash v1.0.4 h1:zRCv6tdncLfLTKYqu7hrXvs7hW+8FO/NvwoFvGsrluU=
github.com/decred/dcrd/chaincfg/chainhash v1.0.4/go.mod h1:hA86XxlBWwHivMvxzXTSD0ZCG/LoYsFdWnCekkTMCqY=
github.com/decred/dcrd/chaincfg/v3 v3.2.1 h1:x9zKJaU24WAKbxAR1UyFKHlM3oJgP0H9LodokM4X5lM=
github.com/decred/dcrd/chaincfg/v3 v3.2.1/go.mod h1:SDCWDtY7BLj0leXc9FuoA1YjSVKyCIBVAyxwZn6+sXc=
github.com/decred/dcrd/crypto/blake256 v1.1.0 h1:zPMNGQCm0g4QTY27fOCorQW7EryeQ/U0x++OzVrdms8=
github.com/decred/dcrd/crypto/blake256 v1.1.0/go.mod h1:2OfgNZ5wDpcsFmHmCK5gZTPcCXqlm2ArzUIkw9czNJo=
github.com/decred/dcrd/crypto/ripemd160 v1.0.2 h1:TvGTmUBHDU75OHro9ojPLK+Yv7gDl2hnUvRocRCjsys=
github.com/decred/dcrd/crypto/ripemd160 v1.0.2/go.mod h1:uGfjDyePSpa75cSQLzNdVmWlbQMBuiJkvXw/MNKRY4M=
github.com/decred/dcrd/dcrec v1.0.1 h1:gDzlndw0zYxM5BlaV17d7ZJV6vhRe9njPBFeg4Db2UY=
github.com/decred/dcrd/dcrec v1.0.1/go.mod h1:CO+EJd8eHFb8WHa84C7ZBkXsNUIywaTHb+UAuI5uo6o=
github.com/decred/dcrd/dcrec/edwards/v2 v2.0.3 h1:l/lhv2aJCUignzls81+wvga0TFlyoZx8QxRMQgXpZik=
github.com/decred/dcrd/dcrec/edwards/v2 v2.0.3/go.mod h1:AKpV6+wZ2MfPRJnTbQ6NPgWrKzbe9RCIlCF/FKzMtM8=
github.com/decred/dcrd/dcrec/secp256k1/v4 v4.3.0 h1:rpfIENRNNilwHwZeG5+P150SMrnNEcHYvcCuK6dPZSg=
github.com/decred/dcrd/dcrec/secp256k1/v4 v4.3.0/go.mod h1:v57UDF4pDQJcEfFUCRop3lJL149eHGSe9Jvczhzjo/0=
github.com/decred/dcrd/txscript/v4 v4.1.1 h1:R4M2+jMujgQA91899SkL0cW66d6DC76Gx+1W1oEHjc0=
github.com/decred/dcrd/txscript/v4 v4.1.1/go.mod h1:7ybmJoI+b6dxvQ+0aXdZpkyrj0PbnylJCzFxD1g8+/A=
github.com/decred/dcrd/wire v1.7.0 h1:5JHiDjEQeS4XUl4PfnTZYLwAD/E/+LwBmPRec/fP76o=
github.com/decred/dcrd/wire v1.7.0/go.mod h1:lAqrzV0SU4kyV6INLEJgDtUjJaTaVKrbF4LHtaYl+zU=
github.com/decred/go-socks v1.1.0 h1:dnENcc0KIqQo3HSXdgboXAHgqsCIutkqq6ntQjYtm2U=
github.com/decred/go-socks v1.1.0/go.mod h1:sDhHqkZH0X4JjSa02oYOGhcGHYp12FsY1jQ/meV8md0=
github.com/decred/slog v1.2.0 h1:soHAxV52B54Di3WtKLfPum9OFfWqwtf/ygf9njdfnPM=
github.com/decred/slog v1.2.0/go.mod h1:kVXlGnt6DHy2fV5OjSeuvCJ0OmlmTF6LFpEPMu/fOY0=
github.com/decred/vspd/client/v4 v4.0.1 h1:eoFWCoaqEMLBODRQrVABGcpFrFdOSPLiMWpPO+RVvi0=
github.com/decred/vspd/client/v4 v4.0.1/go.mod h1:jhqu4KGGOskQcPVZ3XZLVZ1Wgkc9GQo+oEipr3gGODg=
github.com/decred/vspd/types/v3 v3.0.0 h1:jHlQIpp6aCjIcFs8WE3AaVCJe1kgepNTq+nkBKAyQxk=
github.com/decred/vspd/types/v3 v3.0.0/go.mod h1:hwifRZu6tpkbhSg2jZCUwuPaO/oETgbSCWCYJd4XepY=
github.com/envoyproxy/go-control-plane v0.13.4 h1:zEqyPVyku6IvWCFwux4x9RxkLOMUL+1vC9xUFv5l2/M=
github.com/envoyproxy/go-control-plane v0.13.4/go.mod h1:kDfuBlDVsSj2MjrLEtRWtHlsWIFcGyB2RMO44Dc5GZA=
github.com/envoyproxy/go-control-plane/envoy v1.32.4 h1:jb83lalDRZSpPWW2Z7Mck/8kXZ5CQAFYVjQcdVIr83A=
github.com/envoyproxy/go-control-plane/envoy v1.32.4/go.mod h1:Gzjc5k8JcJswLjAx1Zm+wSYE20UrLtt7JZMWiWQXQEw=
github.com/envoyproxy/go-control-plane/ratelimit v0.1.0 h1:/G9QYbddjL25KvtKTv3an9lx6VBE2cnb8wp1vEGNYGI=
github.com/envoyproxy/go-control-plane/ratelimit v0.1.0/go.mod h1:Wk+tMFAFbCXaJPzVVHnPgRKdUdwW/KdbRt94AzgRee4=
github.com/envoyproxy/protoc-gen-validate v1.2.1 h1:DEo3O99U8j4hBFwbJfrz9VtgcDfUKS7KJ7spH3d86P8=
github.com/envoyproxy/protoc-gen-validate v1.2.1/go.mod h1:d/C80l/jxXLdfEIhX1W2TmLfsJ31lvEjwamM4DxlWXU=
github.com/go-logr/logr v1.4.2 h1:6pFjapn8bFcIbiKo3XT4j/BhANplGihG6tvd+8rYgrY=
github.com/go-logr/logr v1.4.2/go.mod h1:9T104GzyrTigFIr8wt5mBrctHMim0Nb2HLGrmQ40KvY=
github.com/go-logr/stdr v1.2.2 h1:hSWxHoqTgW2S2qGc0LTAI563KZ5YKYRhT3MFKZMbjag=
github.com/go-logr/stdr v1.2.2/go.mod h1:mMo/vtBO5dYbehREoey6XUKy/eSumjCCveDpRre4VKE=
github.com/golang/glog v1.2.4 h1:CNNw5U8lSiiBk7druxtSHHTsRWcxKoac6kZKm2peBBc=
github.com/golang/glog v1.2.4/go.mod h1:6AhwSGph0fcJtXVM/PEHPqZlFeoLxhs7/t5UDAwmO+w=
github.com/golang/protobuf v1.5.4 h1:i7eJL8qZTpSEXOPTxNKhASYpMn+8e5Q6AdndVa1dWek=
github.com/golang/protobuf v1.5.4/go.mod h1:lnTiLA8Wa4RWRcIUkrtSVa5nRhsEGBg48fD6rSs7xps=
github.com/golang/snappy v0.0.4 h1:yAGX7huGHXlcLOEtBnF4w7FQwA26wojNCwOYAEhLjQM=
github.com/golang/snappy v0.0.4/go.mod h1:/XxbfmMg8lxefKM7IXC3fBNl/7bRcc72aCRzEWrmP2Q=
github.com/google/go-cmp v0.6.0 h1:ofyhxvXcZhMsU5ulbFiLKl/XBFqE1GSq7atu8tAmTRI=
github.com/google/go-cmp v0.6.0/go.mod h1:17dUlkBOakJ0+DkrSSNjCkIjxS6bF9zb3elmeNGIjoY=
github.com/google/uuid v1.6.0 h1:NIvaJDMOsjHA8n1jAhLSgzrAzy1Hgr+hNrb57e+94F0=
github.com/google/uuid v1.6.0/go.mod h1:TIyPZe4MgqvfeYDBFedMoGGpEw/LqOeaOT+nhxU+yHo=
github.com/gorilla/websocket v1.5.1 h1:gmztn0JnHVt9JZquRuzLw3g4wouNVzKL15iLr/zn/QY=
github.com/gorilla/websocket v1.5.1/go.mod h1:x3kM2JMyaluk02fnUJpQuwD2dCS5NDG2ZHL0uE0tcaY=
github.com/jessevdk/go-flags v1.5.0 h1:1jKYvbxEjfUl0fmqTCOfonvskHHXMjBySTLW4y9LFvc=
github.com/jessevdk/go-flags v1.5.0/go.mod h1:Fw0T6WPc1dYxT4mKEZRfG5kJhaTDP9pj1c2EWnYs/m4=
github.com/jrick/bitset v1.0.0 h1:Ws0PXV3PwXqWK2n7Vz6idCdrV/9OrBXgHEJi27ZB9Dw=
github.com/jrick/bitset v1.0.0/go.mod h1:ZOYB5Uvkla7wIEY4FEssPVi3IQXa02arznRaYaAEPe4=
github.com/jrick/logrotate v1.0.0 h1:lQ1bL/n9mBNeIXoTUoYRlK4dHuNJVofX9oWqBtPnSzI=
github.com/jrick/logrotate v1.0.0/go.mod h1:LNinyqDIJnpAur+b8yyulnQw/wDuN1+BYKlTRt3OuAQ=
github.com/jrick/wsrpc/v2 v2.3.8 h1:9vfM8o9g00HXQb/3D6+Y9Cy1uybjD7K1272vtdXXBps=
github.com/jrick/wsrpc/v2 v2.3.8/go.mod h1:Ha6uT2AOjHkaiBWMjWfWUFvjDrppbfy0ghLKxPPYmY4=
github.com/klauspost/cpuid/v2 v2.2.8 h1:+StwCXwm9PdpiEkPyzBXIy+M9KUb4ODm0Zarf1kS5BM=
github.com/klauspost/cpuid/v2 v2.2.8/go.mod h1:Lcz8mBdAVJIBVzewtcLocK12l3Y+JytZYpaMropDUws=
github.com/monetarium/monetarium-node/addrmgr v1.2.1 h1:d+AOQfKYr+ubUYsgif2ulWf6n41Yz3I6+fHJggcG1uo=
github.com/monetarium/monetarium-node/addrmgr v1.2.1/go.mod h1:uhsqBFfqqea60BbacDdHXq9fZbMzCMqDKq0IQJp9phA=
github.com/monetarium/monetarium-node/addrmgr v1.3.3 h1:H45OTFHAFBif0QOdlAmlppIimM9q2qDzQn1afGBRrfQ=
github.com/monetarium/monetarium-node/addrmgr v1.3.3/go.mod h1:7n938enNWRExNUmeINS9iBqI5GnYlijv8nN7MTKbHJA=
github.com/monetarium/monetarium-node/blockchain v1.2.1 h1:4bQASM5SPE0oR7nG4xLNnzBncE9+RqH0jyZI1vECHS0=
github.com/monetarium/monetarium-node/blockchain v1.2.1/go.mod h1:9rHCPfCN9gFJ72KSWwMKWDQnOO4p8cNFHGOskbEJlmQ=
github.com/monetarium/monetarium-node/blockchain v1.3.3 h1:bv8X1r46HonwivSK5FF035X6oqoRYjNP3qOLLIHAurg=
github.com/monetarium/monetarium-node/blockchain v1.3.3/go.mod h1:82SybgE/gTv0F9/S6jcQtG4xMy2LjZmiUacIys9geOU=
github.com/monetarium/monetarium-node/blockchain/stake v1.2.1 h1:cGRu0sC3YR0tNnL3fzju77XcG78Gy386F9wqp2QU1Ok=
github.com/monetarium/monetarium-node/blockchain/stake v1.2.1/go.mod h1:+cLNQY1qHtOaprwJlerH+xQHTiVFRA4UOKr5k3FnsPg=
github.com/monetarium/monetarium-node/blockchain/stake v1.3.3 h1:EqqmtK3haJSAStLePcL6uc1W3yFdCcR14JHsEWh6VCs=
github.com/monetarium/monetarium-node/blockchain/stake v1.3.3/go.mod h1:mKYeImDfJFnFSzsiHgYZATLOTKrk5mw3DacsQNGk3uM=
github.com/monetarium/monetarium-node/blockchain/standalone v1.2.1 h1:jFP2pOM5h6IbYEKB8daR8ZgOXZ6JkmTR/S//4rRxWlk=
github.com/monetarium/monetarium-node/blockchain/standalone v1.2.1/go.mod h1:sjSO6jzOD9fTK/DMj9rCwLzpVNtq33XF6XaC7so4Iag=
github.com/monetarium/monetarium-node/blockchain/standalone v1.3.3 h1:pG3/xsF+ugR6nllpb8PgV7F8I86C3MILTHIgO0iN8AY=
github.com/monetarium/monetarium-node/blockchain/standalone v1.3.3/go.mod h1:5AgQjL6GieW4GHzgGwMnsMEELJHmlYz53/EcU9ykoa4=
github.com/monetarium/monetarium-node/certgen v1.2.1 h1:SQ4FyYhLyy2Oxp1FIhQXUtQFohpifBI1NBqhoeIwkB0=
github.com/monetarium/monetarium-node/certgen v1.2.1/go.mod h1:kZlkEQwYfIQX8vX0IJIfN/kKTfvqiyxa0gkVqrQenxY=
github.com/monetarium/monetarium-node/certgen v1.3.3 h1:eJDDZ2PHUuM1u4Z0Z+4yV1OmX2/R3wZrr7jApkv+M5s=
github.com/monetarium/monetarium-node/certgen v1.3.3/go.mod h1:0VyvKHV547CfyUMiDZAhziVUL4iNdwH+Z8sUF843mls=
github.com/monetarium/monetarium-node/chaincfg v1.2.1 h1:ylOxx+yGoHPSt4OH95be+0HNvcj1MoamPhxSzR4UT9Y=
github.com/monetarium/monetarium-node/chaincfg v1.2.1/go.mod h1:Z35bDMgDB5VNxvZb0XQH/Z+D7efB6FFJHBWsnkRzEIo=
github.com/monetarium/monetarium-node/chaincfg v1.3.3 h1:yIDHTKpUdME207GIPKHd8XDMUBoenfGc3U69o9CC4sA=
github.com/monetarium/monetarium-node/chaincfg v1.3.3/go.mod h1:y8YR+adGnuVvaUw1H/sgja7q9vEPHkYFCi06ORWONBQ=
github.com/monetarium/monetarium-node/chaincfg/chainhash v1.2.1 h1:sGEReAT2WsScWkkuOrLZ0BQXy6Kl9VGo9dGegxcEDCM=
github.com/monetarium/monetarium-node/chaincfg/chainhash v1.2.1/go.mod h1:GhUTA1+y52lXZBvFcU1LG2NTVCIeXIoGgBFoW5241kw=
github.com/monetarium/monetarium-node/chaincfg/chainhash v1.3.3 h1:btiq0G60P3RwoAfZ9NOKPcQl/H3uDxUDuyG9jVwP6fo=
github.com/monetarium/monetarium-node/chaincfg/chainhash v1.3.3/go.mod h1:oF6e/AFlXRjvWxMWzW8EedXndr4mwssm+6s1HaMH9qE=
github.com/monetarium/monetarium-node/cointype v1.2.1 h1:ummpMMpmpb3WlQqXwPHK9UG/BB0fvrUsWEzhoTksO2M=
github.com/monetarium/monetarium-node/cointype v1.2.1/go.mod h1:yhixKskK9FBKjKoH07NzgvEGPCOjW5iaLhgtfAO7808=
github.com/monetarium/monetarium-node/cointype v1.3.3 h1:TfEOEL6ralCneqhlBwsvYo/S/I9u0TGwY/htqAmyiE8=
github.com/monetarium/monetarium-node/cointype v1.3.3/go.mod h1:yhixKskK9FBKjKoH07NzgvEGPCOjW5iaLhgtfAO7808=
github.com/monetarium/monetarium-node/connmgr v1.2.1 h1:jYsWDOzaqGZzUfI5bzSDE2DweUaDbeNg3o9cuXF9QcE=
github.com/monetarium/monetarium-node/connmgr v1.2.1/go.mod h1:9+4hn+v3WjW4l0QmghHGRvZb2DeXG6aMenwwvylsfsY=
github.com/monetarium/monetarium-node/connmgr v1.3.3 h1:jJw+iSfsAUd0Z6PtvPuq+vf1+7ORSFIDMwG/yrpVpz4=
github.com/monetarium/monetarium-node/connmgr v1.3.3/go.mod h1:moPWwhJzw7aq20ZGXNxZQXTuh0aMrvZWCxK/Zvs49jM=
github.com/monetarium/monetarium-node/container/lru v1.2.1 h1:Gkda6lwzG+9WYcm/oX938anGQfd9sBpzxN1xxmP5eHg=
github.com/monetarium/monetarium-node/container/lru v1.2.1/go.mod h1:pQJXVFxz3YDq9Sa9s+eCeUI40TwGwR0n/VOhO0yuxFA=
github.com/monetarium/monetarium-node/container/lru v1.3.3 h1:7nY5Mqs7Bw/BrMDjAc6JalpCtCQr+pbBoCjKqtt5+L4=
github.com/monetarium/monetarium-node/container/lru v1.3.3/go.mod h1:pQJXVFxz3YDq9Sa9s+eCeUI40TwGwR0n/VOhO0yuxFA=
github.com/monetarium/monetarium-node/crypto/blake256 v1.2.1 h1:vjqs7FYWoDePJjNYNqDK4VioAPeITlOXhEb0JKawXOk=
github.com/monetarium/monetarium-node/crypto/blake256 v1.2.1/go.mod h1:+dUk+/kJYZCEfhySioeBRQD7l8yHVm3Q3g7Gd3lRjHk=
github.com/monetarium/monetarium-node/crypto/blake256 v1.3.3 h1:RAwdeAj9z1DN+Vq9jhWAux9ps5NgqK7r+WYHiW9MbyM=
github.com/monetarium/monetarium-node/crypto/blake256 v1.3.3/go.mod h1:+dUk+/kJYZCEfhySioeBRQD7l8yHVm3Q3g7Gd3lRjHk=
github.com/monetarium/monetarium-node/crypto/rand v1.2.1 h1:dub4hwiu4NJEnbNR5OecOFgpS0HUzX2oVdKK0LXVm/I=
github.com/monetarium/monetarium-node/crypto/rand v1.2.1/go.mod h1:3fOYD2Kid37bBjUuVa0lZEIcHE8pFs7D2eNz4vdTo88=
github.com/monetarium/monetarium-node/crypto/rand v1.3.3 h1:XEU+JhqxxBmiCREJ5rZUY5+E79PKDIbu9O6zEXBdxmE=
github.com/monetarium/monetarium-node/crypto/rand v1.3.3/go.mod h1:3fOYD2Kid37bBjUuVa0lZEIcHE8pFs7D2eNz4vdTo88=
github.com/monetarium/monetarium-node/crypto/ripemd160 v1.2.1 h1:GU4eQ1Mi5zPATaL8zRPxfi5Iw1s/ISaJ1pjpqAkCTdo=
github.com/monetarium/monetarium-node/crypto/ripemd160 v1.2.1/go.mod h1:5IaiDGHDPLi+4j30Ik9PwBthqhjhXGw54gCL3uU7dNo=
github.com/monetarium/monetarium-node/crypto/ripemd160 v1.3.3 h1:O7a8E+XBgvYhTX/mM74vKbOb5qgim8b31nq/fVeqxj0=
github.com/monetarium/monetarium-node/crypto/ripemd160 v1.3.3/go.mod h1:5IaiDGHDPLi+4j30Ik9PwBthqhjhXGw54gCL3uU7dNo=
github.com/monetarium/monetarium-node/database v1.2.1 h1:tv//SniBZpBWCzPdN+GFK/YVVZa+ANyIkDM5NQsJaRg=
github.com/monetarium/monetarium-node/database v1.2.1/go.mod h1:Dkjd71OzQ0TP6Zjnwj2rV5Lpj3QW2H/0npxMNZgrMLg=
github.com/monetarium/monetarium-node/database v1.3.3 h1:0YkWljMJAe35aHuh73d/RqZLUSOtJsgeB6lj5ApZCR0=
github.com/monetarium/monetarium-node/database v1.3.3/go.mod h1:LB0gHU1lTQe2hD2GV9ev7W/RLV3v+lGF57HcyXJKRz8=
github.com/monetarium/monetarium-node/dcrec v1.2.1 h1:Bds9Zu7hu1F/nbIqEH6HfoxiUQvCMVyHV2HwusjGECI=
github.com/monetarium/monetarium-node/dcrec v1.2.1/go.mod h1:raW6YB1vSdu7TzY3x0usHwV4jZket1Oh9Wt4mGF/h7w=
github.com/monetarium/monetarium-node/dcrec v1.3.3 h1:vmb3FAuEO5ebIc0Li+R+/4QqLy3T0rrnwtZ4Kz6DyQU=
github.com/monetarium/monetarium-node/dcrec v1.3.3/go.mod h1:raW6YB1vSdu7TzY3x0usHwV4jZket1Oh9Wt4mGF/h7w=
github.com/monetarium/monetarium-node/dcrec/edwards v1.2.1 h1:kr9IH0uxwxEUNVd1D5k26EoMk0oMl+LVvfDhG2yet4Y=
github.com/monetarium/monetarium-node/dcrec/edwards v1.2.1/go.mod h1:LOY84DmpVclky9TFYo8I1XYWgj/2FqKNYuzYOVYE8es=
github.com/monetarium/monetarium-node/dcrec/edwards v1.3.3 h1:Fx9uGvWI3XxOylmVHVDdIy7NR80CPhGcvkw8fS7S3Ps=
github.com/monetarium/monetarium-node/dcrec/edwards v1.3.3/go.mod h1:LMdC+lQTwNlm3ETEBR/ue7fijnrwzt9PhCi6yoQ1rgM=
github.com/monetarium/monetarium-node/dcrec/secp256k1 v1.2.1 h1:0Ampbd01I7+EIskxXePHBUF41YuTPASbQmp4O5uagxE=
github.com/monetarium/monetarium-node/dcrec/secp256k1 v1.2.1/go.mod h1:mIhpP+wQ7l1wEz4ESmn9YcssVO3dsB6FN2zqgntUF8g=
github.com/monetarium/monetarium-node/dcrec/secp256k1 v1.3.3 h1:voiWsmvV+smRhXtppMZdDlRo926obuT47MWrecUuYVo=
github.com/monetarium/monetarium-node/dcrec/secp256k1 v1.3.3/go.mod h1:mKGkyGMz/PXWa0JA+m/XVJwzzXEmQkzq7avVoKDYH5o=
github.com/monetarium/monetarium-node/dcrjson v1.2.1 h1:htfx+k9JDuYPnRtre9vgebCXMia/0g5LXvpCq1jWJyk=
github.com/monetarium/monetarium-node/dcrjson v1.2.1/go.mod h1:UPqpA2X1oYwyCjQXG2p2EtiPFIZOvstMmnDGsxA8wlA=
github.com/monetarium/monetarium-node/dcrjson v1.3.3 h1:neFlZlXtie3mex6gafOuxrjuaBrcmkVt0pK/3M4MZGQ=
github.com/monetarium/monetarium-node/dcrjson v1.3.3/go.mod h1:PVLmeA6apyht+5sxEimzoZFIkENTLl/LihOEz9blNyg=
github.com/monetarium/monetarium-node/dcrutil v1.2.1 h1:B7uANDOH1n6KtiT72K/OsWijlNXnC7MfGiQa3NGTd/4=
github.com/monetarium/monetarium-node/dcrutil v1.2.1/go.mod h1:2VqoSd+BPB8CuXSJnZKiYrJ4NIahHlX/yEFCd7e6FYs=
github.com/monetarium/monetarium-node/dcrutil v1.3.3 h1:wWq8f17/DDF22B+Mww1yWolvFMJ/tYnFV9zl5RpaSGM=
github.com/monetarium/monetarium-node/dcrutil v1.3.3/go.mod h1:sF+qEPBdXBPUYDDCM1fesXfNjfUy85HFHVnrcstPZKQ=
github.com/monetarium/monetarium-node/gcs v1.2.1 h1:f2XRq4a4WmYXhlM1/DWE58Iyght/JXB7iMH90QzIepE=
github.com/monetarium/monetarium-node/gcs v1.2.1/go.mod h1:0bTusX13U58/5jvceccQstDC6vMMDHxjunBctRNfYO0=
github.com/monetarium/monetarium-node/gcs v1.3.3 h1:1FpYfquoo1psz7QkHNjtCBmZEaoR0LZ1Mc5p8DWH6WA=
github.com/monetarium/monetarium-node/gcs v1.3.3/go.mod h1:FQ9fD7lZcssalw2/CC5OLd67tfovLKfvZ3WdFhuH8Fk=
github.com/monetarium/monetarium-node/hdkeychain v1.2.1 h1:G4xnl9b6kEMZsv7eVZ4fA9BA4z6jfgnaiSW200hONrE=
github.com/monetarium/monetarium-node/hdkeychain v1.2.1/go.mod h1:9pvXDnfk5UO1jPdP/4Fx70nkY+WN4b3Jmi4+f/2vsbw=
github.com/monetarium/monetarium-node/hdkeychain v1.3.3 h1:sjD+HPd/d3AzNAckYYz6HwQv0eYfUzM6zF20w4LdW3s=
github.com/monetarium/monetarium-node/hdkeychain v1.3.3/go.mod h1:U3NS8UjDh98+bmU8VwUNsBFdQqlAMJ9KEt8KB+4XzjM=
github.com/monetarium/monetarium-node/mixing v1.2.1 h1:/enzfnTG8cRvub8/YpPm2rpmNeU+L3IT8K/qaZ5Ogmk=
github.com/monetarium/monetarium-node/mixing v1.2.1/go.mod h1:KX7U46R1+FJRpVQok2kGDbx4VUnysyvKxtTqk+rsxMM=
github.com/monetarium/monetarium-node/mixing v1.3.3 h1:wMxCaYO4WE1LQ4NW/PnK/nFkerVbNb30QytrO/twvFk=
github.com/monetarium/monetarium-node/mixing v1.3.3/go.mod h1:0YqTLL7np/138RV0VxQLmkmy3aORRnjGHEBE75D53Hw=
github.com/monetarium/monetarium-node/rpc/jsonrpc/types v1.2.1 h1:ITiWT0Ueqj+2LsrKzXAUg5ccFpYczzOp+buljDbwsGc=
github.com/monetarium/monetarium-node/rpc/jsonrpc/types v1.2.1/go.mod h1:r4Ys2Y0haeGexhC8cFSftO0Pz4yFtORZaV497LiHMog=
github.com/monetarium/monetarium-node/rpc/jsonrpc/types v1.3.3 h1:AtRK/sOx7nKdVIjsh/qWTDX4RW9RkiL/zT5CnBw+uTU=
github.com/monetarium/monetarium-node/rpc/jsonrpc/types v1.3.3/go.mod h1:hDaadRoEbctfq5xsC1NdPAVNwu2lOEIylAj8Qsu6HY4=
github.com/monetarium/monetarium-node/rpcclient v1.2.1 h1:K6ntOldPRH50mVg1ZDjnvJCTsdegzQa1qhnBqE1ivUQ=
github.com/monetarium/monetarium-node/rpcclient v1.2.1/go.mod h1:wT152gKvE6zllpX9oe/09ZRdue/aWDiNS7rAdD8X5Ug=
github.com/monetarium/monetarium-node/rpcclient v1.3.3 h1:dytZ6hniDO9rLI9x1QhpGiDIMBRPOkvebgSUnBcNNMw=
github.com/monetarium/monetarium-node/rpcclient v1.3.3/go.mod h1:wm3fHXqEKIzMMEdtOy94T/WFD2+TM4yfE1WfTyrqFG8=
github.com/monetarium/monetarium-node/txscript v1.2.1 h1:VgbQjOboz4Z1fsoZtjIutOCRUapSneOGCm2dFysF0e0=
github.com/monetarium/monetarium-node/txscript v1.2.1/go.mod h1:XOw373PpOcOx2JA553P85V1HqGsvDkQQBsS78GkIfPs=
github.com/monetarium/monetarium-node/txscript v1.3.3 h1:EFa09K3N5YUUi8AU5I3XuoR8vlbZ7Jop6i5GJ7UqUuQ=
github.com/monetarium/monetarium-node/txscript v1.3.3/go.mod h1:4Y7VSUYm9ZvB0Z5lEMfuyW7+wQWGisUKTBOcR9nBWoM=
github.com/monetarium/monetarium-node/wire v1.2.1 h1:noHdvpG+rguOTWuZRwk0BUFt1ioXnbkBQLTK4SSJ8e0=
github.com/monetarium/monetarium-node/wire v1.2.1/go.mod h1:92bgdkRa1QKLOP6YFczTsrskB91hN18EtMkO+nRRtrU=
github.com/monetarium/monetarium-node/wire v1.3.3 h1:OAnLmptYu0WEcmtY5lHtNtdAjLY94k+YLRk/MvIwG9E=
github.com/monetarium/monetarium-node/wire v1.3.3/go.mod h1:l44few5+uNOB5hdU2XOPdvq5ab3zIR0XZc5QFyGxj9M=
github.com/planetscale/vtprotobuf v0.6.1-0.20240319094008-0393e58bdf10 h1:GFCKgmp0tecUJ0sJuv4pzYCqS9+RGSn52M3FUwPs+uo=
github.com/planetscale/vtprotobuf v0.6.1-0.20240319094008-0393e58bdf10/go.mod h1:t/avpk3KcrXxUnYOhZhMXJlSEyie6gQbtLq5NM3loB8=
github.com/pmezard/go-difflib v1.0.0 h1:4DBwDE0NGyQoBHbLQYPwSUPoCMWR5BEzIk/f1lZbAQM=
github.com/pmezard/go-difflib v1.0.0/go.mod h1:iKH77koFhYxTK1pcRnkKkqfTogsbg7gZNVY4sRDYZ/4=
github.com/stretchr/testify v1.8.1 h1:w7B6lhMri9wdJUVmEZPGGhZzrYTPvgJArz7wNPgYKsk=
github.com/stretchr/testify v1.8.1/go.mod h1:w2LPCIKwWwSfY2zedu0+kehJoqGctiVI29o6fzry7u4=
github.com/syndtr/goleveldb v1.0.1-0.20210819022825-2ae1ddf74ef7 h1:epCh84lMvA70Z7CTTCmYQn2CKbY8j86K7/FAIr141uY=
github.com/syndtr/goleveldb v1.0.1-0.20210819022825-2ae1ddf74ef7/go.mod h1:q4W45IWZaF22tdD+VEXcAWRA037jwmWEB5VWYORlTpc=
go.etcd.io/bbolt v1.3.11 h1:yGEzV1wPz2yVCLsD8ZAiGHhHVlczyC9d1rP43/VCRJ0=
go.etcd.io/bbolt v1.3.11/go.mod h1:dksAq7YMXoljX0xu6VF5DMZGbhYYoLUalEiSySYAS4I=
go.etcd.io/gofail v0.1.0 h1:XItAMIhOojXFQMgrxjnd2EIIHun/d5qL0Pf7FzVTkFg=
go.etcd.io/gofail v0.1.0/go.mod h1:VZBCXYGZhHAinaBiiqYvuDynvahNsAyLFwB3kEHKz1M=
go.opentelemetry.io/auto/sdk v1.1.0 h1:cH53jehLUN6UFLY71z+NDOiNJqDdPRaXzTel0sJySYA=
go.opentelemetry.io/auto/sdk v1.1.0/go.mod h1:3wSPjt5PWp2RhlCcmmOial7AvC4DQqZb7a7wCow3W8A=
go.opentelemetry.io/contrib/detectors/gcp v1.34.0 h1:JRxssobiPg23otYU5SbWtQC//snGVIM3Tx6QRzlQBao=
go.opentelemetry.io/contrib/detectors/gcp v1.34.0/go.mod h1:cV4BMFcscUR/ckqLkbfQmF0PRsq8w/lMGzdbCSveBHo=
go.opentelemetry.io/otel v1.34.0 h1:zRLXxLCgL1WyKsPVrgbSdMN4c0FMkDAskSTQP+0hdUY=
go.opentelemetry.io/otel v1.34.0/go.mod h1:OWFPOQ+h4G8xpyjgqo4SxJYdDQ/qmRH+wivy7zzx9oI=
go.opentelemetry.io/otel/metric v1.34.0 h1:+eTR3U0MyfWjRDhmFMxe2SsW64QrZ84AOhvqS7Y+PoQ=
go.opentelemetry.io/otel/metric v1.34.0/go.mod h1:CEDrp0fy2D0MvkXE+dPV7cMi8tWZwX3dmaIhwPOaqHE=
go.opentelemetry.io/otel/sdk v1.34.0 h1:95zS4k/2GOy069d321O8jWgYsW3MzVV+KuSPKp7Wr1A=
go.opentelemetry.io/otel/sdk v1.34.0/go.mod h1:0e/pNiaMAqaykJGKbi+tSjWfNNHMTxoC9qANsCzbyxU=
go.opentelemetry.io/otel/sdk/metric v1.34.0 h1:5CeK9ujjbFVL5c1PhLuStg1wxA7vQv7ce1EK0Gyvahk=
go.opentelemetry.io/otel/sdk/metric v1.34.0/go.mod h1:jQ/r8Ze28zRKoNRdkjCZxfs6YvBTG1+YIqyFVFYec5w=
go.opentelemetry.io/otel/trace v1.34.0 h1:+ouXS2V8Rd4hp4580a8q23bg0azF2nI8cqLYnC8mh/k=
go.opentelemetry.io/otel/trace v1.34.0/go.mod h1:Svm7lSjQD7kG7KJ/MUHPVXSDGz2OX4h0M2jHBhmSfRE=
golang.org/x/crypto v0.33.0 h1:IOBPskki6Lysi0lo9qQvbxiQ+FvsCC/YWOecCHAixus=
golang.org/x/crypto v0.33.0/go.mod h1:bVdXmD7IV/4GdElGPozy6U7lWdRXA4qyRVGJV57uQ5M=
golang.org/x/mod v0.17.0 h1:zY54UmvipHiNd+pm+m0x9KhZ9hl1/7QNMyxXbc6ICqA=
golang.org/x/mod v0.17.0/go.mod h1:hTbmBsO62+eylJbnUtE2MGJUyE7QWk4xUqPFrRgJ+7c=
golang.org/x/net v0.34.0 h1:Mb7Mrk043xzHgnRM88suvJFwzVrRfHEHJEl5/71CKw0=
golang.org/x/net v0.34.0/go.mod h1:di0qlW3YNM5oh6GqDGQr92MyTozJPmybPK4Ev/Gm31k=
golang.org/x/oauth2 v0.25.0 h1:CY4y7XT9v0cRI9oupztF8AgiIu99L/ksR/Xp/6jrZ70=
golang.org/x/oauth2 v0.25.0/go.mod h1:XYTD2NtWslqkgxebSiOHnXEap4TF09sJSc7H1sXbhtI=
golang.org/x/sync v0.11.0 h1:GGz8+XQP4FvTTrjZPzNKTMFtSXH80RAzG+5ghFPgK9w=
golang.org/x/sync v0.11.0/go.mod h1:Czt+wKu1gCyEFDUtn0jG5QVvpJ6rzVqr5aXyt9drQfk=
golang.org/x/sys v0.0.0-20210320140829-1e4c9ba3b0c4/go.mod h1:h1NjWce9XRLGQEsW7wpKNCjG9DtNlClVuFLEZdDNbEs=
golang.org/x/sys v0.5.0/go.mod h1:oPkhp1MJrh7nUepCBck5+mAzfO9JrbApNNgaTdGDITg=
golang.org/x/sys v0.30.0 h1:QjkSwP/36a20jFYWkSue1YwXzLmsV5Gfq7Eiy72C1uc=
golang.org/x/sys v0.30.0/go.mod h1:/VUhepiaJMQUp4+oa/7Zr1D23ma6VTLIYjOOTFZPUcA=
golang.org/x/term v0.29.0 h1:L6pJp37ocefwRRtYPKSWOWzOtWSxVajvz2ldH/xi3iU=
golang.org/x/term v0.29.0/go.mod h1:6bl4lRlvVuDgSf3179VpIxBF0o10JUpXWOnI7nErv7s=
golang.org/x/text v0.22.0 h1:bofq7m3/HAFvbF51jz3Q9wLg3jkvSPuiZu/pD1XwgtM=
golang.org/x/text v0.22.0/go.mod h1:YRoo4H8PVmsu+E3Ou7cqLVH8oXWIHVoX0jqUWALQhfY=
golang.org/x/tools v0.21.1-0.20240508182429-e35e4ccd0d2d h1:vU5i/LfpvrRCpgM/VPfJLg5KjxD3E+hfT1SH+d9zLwg=
golang.org/x/tools v0.21.1-0.20240508182429-e35e4ccd0d2d/go.mod h1:aiJjzUbINMkxbQROHiO6hDPo2LHcIPhhQsa9DLh0yGk=
golang.org/x/xerrors v0.0.0-20191204190536-9bdfabe68543 h1:E7g+9GITq07hpfrRu66IVDexMakfv52eLZ2CXBWiKr4=
golang.org/x/xerrors v0.0.0-20191204190536-9bdfabe68543/go.mod h1:I/5z698sn9Ka8TeJc9MKroUUfqBBauWjQqLJ2OPfmY0=
google.golang.org/genproto/googleapis/api v0.0.0-20250106144421-5f5ef82da422 h1:GVIKPyP/kLIyVOgOnTwFOrvQaQUzOzGMCxgFUOEmm24=
google.golang.org/genproto/googleapis/api v0.0.0-20250106144421-5f5ef82da422/go.mod h1:b6h1vNKhxaSoEI+5jc3PJUCustfli/mRab7295pY7rw=
google.golang.org/genproto/googleapis/rpc v0.0.0-20250115164207-1a7da9e5054f h1:OxYkA3wjPsZyBylwymxSHa7ViiW1Sml4ToBrncvFehI=
google.golang.org/genproto/googleapis/rpc v0.0.0-20250115164207-1a7da9e5054f/go.mod h1:+2Yz8+CLJbIfL9z73EW45avw8Lmge3xVElCP9zEKi50=
google.golang.org/grpc v1.71.0 h1:kF77BGdPTQ4/JZWMlb9VpJ5pa25aqvVqogsxNHHdeBg=
google.golang.org/grpc v1.71.0/go.mod h1:H0GRtasmQOh9LkFoCPDu3ZrwUtD1YGE+b2vYBYd/8Ec=
google.golang.org/grpc/cmd/protoc-gen-go-grpc v1.5.1 h1:F29+wU6Ee6qgu9TddPgooOdaqsxTMunOoj8KA5yuS5A=
google.golang.org/grpc/cmd/protoc-gen-go-grpc v1.5.1/go.mod h1:5KF+wpkbTSbGcR9zteSqZV6fqFOWBl4Yde8En8MryZA=
google.golang.org/protobuf v1.36.5 h1:tPhr+woSbjfYvY6/GPufUoYizxw1cF/yFoxJ2fmpwlM=
google.golang.org/protobuf v1.36.5/go.mod h1:9fA7Ob0pmnwhb644+1+CVWFRbNajQ6iRojtC/QF5bRE=
gopkg.in/yaml.v3 v3.0.1 h1:fxVm/GzAzEWqLHuvctI91KS9hhNmmWOoWu0XTYJS7CA=
gopkg.in/yaml.v3 v3.0.1/go.mod h1:K4uyk7z7BCEPqu6E+C64Yfv1cQ7kz7rIZviUmN+EgEM=
lukechampine.com/blake3 v1.3.0 h1:sJ3XhFINmHSrYCgl958hscfIa3bw8x4DqMP3u1YvoYE=
lukechampine.com/blake3 v1.3.0/go.mod h1:0OFRp7fBtAylGVCO40o87sbupkyIGgbpv1+M1k1LM6k=
