decred.org/cspp/v2 v2.4.0 h1:whb0YW+UELHJS/UfT5MBXSJXrKUVw5omhgKNhjzYix4=
decred.org/cspp/v2 v2.4.0/go.mod h1:9nO3bfvCheOPIFZw5f6sRQ42CjBFB5RKSaJ9Iq6G4MA=
github.com/agl/ed25519 v0.0.0-20170116200512-5312a6153412 h1:w1UutsfOrms1J05zt7ISrnJIXKzwaspym5BTKGx93EI=
github.com/agl/ed25519 v0.0.0-20170116200512-5312a6153412/go.mod h1:WPjqKcmVOxf0XSf3YxCJs6N6AOSrOx3obionmG7T0y0=
github.com/companyzero/sntrup4591761 v0.0.0-20220309191932-9e0f3af2f07a h1:clYxJ3Os0EQUKDDVU8M0oipllX0EkuFNBfhVQuIfyF0=
github.com/companyzero/sntrup4591761 v0.0.0-20220309191932-9e0f3af2f07a/go.mod h1:z/9Ck1EDixEbBbZ2KH2qNHekEmDLTOZ+FyoIPWWSVOI=
github.com/davecgh/go-spew v1.1.1 h1:vj9j/u1bqnvCEfJOwUhtlOARqs3+rkHYY13jYWTU97c=
github.com/davecgh/go-spew v1.1.1/go.mod h1:J7Y8YcW2NihsgmVo/mv3lAwl/skON4iLHjSsI+c5H38=
github.com/dchest/siphash v1.2.3 h1:QXwFc8cFOR2dSa/gE6o/HokBMWtLUaNDVd+22aKHeEA=
github.com/dchest/siphash v1.2.3/go.mod h1:0NvQU092bT0ipiFN++/rXm69QG9tVxLAlQHIXMPAkHc=
github.com/decred/base58 v1.0.6 h1:NXndBcO+ubGZORV3EulvqeBcMuQM7doqVGa7pBhMOs4=
github.com/decred/base58 v1.0.6/go.mod h1:KR7Oh9njDPXTagD4P67KJZwroL8jT653u8CffkYqhcQ=
github.com/decred/dcrd/chaincfg/chainhash v1.0.4 h1:zRCv6tdncLfLTKYqu7hrXvs7hW+8FO/NvwoFvGsrluU=
github.com/decred/dcrd/chaincfg/chainhash v1.0.4/go.mod h1:hA86XxlBWwHivMvxzXTSD0ZCG/LoYsFdWnCekkTMCqY=
github.com/decred/dcrd/chaincfg/v3 v3.2.1 h1:x9zKJaU24WAKbxAR1UyFKHlM3oJgP0H9LodokM4X5lM=
github.com/decred/dcrd/chaincfg/v3 v3.2.1/go.mod h1:SDCWDtY7BLj0leXc9FuoA1YjSVKyCIBVAyxwZn6+sXc=
github.com/decred/dcrd/crypto/blake256 v1.1.0 h1:zPMNGQCm0g4QTY27fOCorQW7EryeQ/U0x++OzVrdms8=
github.com/decred/dcrd/crypto/blake256 v1.1.0/go.mod h1:2OfgNZ5wDpcsFmHmCK5gZTPcCXqlm2ArzUIkw9czNJo=
github.com/decred/dcrd/crypto/ripemd160 v1.0.2 h1:TvGTmUBHDU75OHro9ojPLK+Yv7gDl2hnUvRocRCjsys=
github.com/decred/dcrd/crypto/ripemd160 v1.0.2/go.mod h1:uGfjDyePSpa75cSQLzNdVmWlbQMBuiJkvXw/MNKRY4M=
github.com/decred/dcrd/dcrec v1.0.1 h1:gDzlndw0zYxM5BlaV17d7ZJV6vhRe9njPBFeg4Db2UY=
github.com/decred/dcrd/dcrec v1.0.1/go.mod h1:CO+EJd8eHFb8WHa84C7ZBkXsNUIywaTHb+UAuI5uo6o=
github.com/decred/dcrd/dcrec/edwards/v2 v2.0.3 h1:l/lhv2aJCUignzls81+wvga0TFlyoZx8QxRMQgXpZik=
github.com/decred/dcrd/dcrec/edwards/v2 v2.0.3/go.mod h1:AKpV6+wZ2MfPRJnTbQ6NPgWrKzbe9RCIlCF/FKzMtM8=
github.com/decred/dcrd/dcrec/secp256k1/v4 v4.3.0 h1:rpfIENRNNilwHwZeG5+P150SMrnNEcHYvcCuK6dPZSg=
github.com/decred/dcrd/dcrec/secp256k1/v4 v4.3.0/go.mod h1:v57UDF4pDQJcEfFUCRop3lJL149eHGSe9Jvczhzjo/0=
github.com/decred/dcrd/txscript/v4 v4.1.1 h1:R4M2+jMujgQA91899SkL0cW66d6DC76Gx+1W1oEHjc0=
github.com/decred/dcrd/txscript/v4 v4.1.1/go.mod h1:7ybmJoI+b6dxvQ+0aXdZpkyrj0PbnylJCzFxD1g8+/A=
github.com/decred/dcrd/wire v1.7.0 h1:5JHiDjEQeS4XUl4PfnTZYLwAD/E/+LwBmPRec/fP76o=
github.com/decred/dcrd/wire v1.7.0/go.mod h1:lAqrzV0SU4kyV6INLEJgDtUjJaTaVKrbF4LHtaYl+zU=
github.com/decred/go-socks v1.1.0 h1:dnENcc0KIqQo3HSXdgboXAHgqsCIutkqq6ntQjYtm2U=
github.com/decred/go-socks v1.1.0/go.mod h1:sDhHqkZH0X4JjSa02oYOGhcGHYp12FsY1jQ/meV8md0=
github.com/decred/slog v1.2.0 h1:soHAxV52B54Di3WtKLfPum9OFfWqwtf/ygf9njdfnPM=
github.com/decred/slog v1.2.0/go.mod h1:kVXlGnt6DHy2fV5OjSeuvCJ0OmlmTF6LFpEPMu/fOY0=
github.com/decred/vspd/client/v4 v4.0.1 h1:eoFWCoaqEMLBODRQrVABGcpFrFdOSPLiMWpPO+RVvi0=
github.com/decred/vspd/client/v4 v4.0.1/go.mod h1:jhqu4KGGOskQcPVZ3XZLVZ1Wgkc9GQo+oEipr3gGODg=
github.com/decred/vspd/types/v3 v3.0.0 h1:jHlQIpp6aCjIcFs8WE3AaVCJe1kgepNTq+nkBKAyQxk=
github.com/decred/vspd/types/v3 v3.0.0/go.mod h1:hwifRZu6tpkbhSg2jZCUwuPaO/oETgbSCWCYJd4XepY=
github.com/go-logr/logr v1.4.2 h1:6pFjapn8bFcIbiKo3XT4j/BhANplGihG6tvd+8rYgrY=
github.com/go-logr/logr v1.4.2/go.mod h1:9T104GzyrTigFIr8wt5mBrctHMim0Nb2HLGrmQ40KvY=
github.com/go-logr/stdr v1.2.2 h1:hSWxHoqTgW2S2qGc0LTAI563KZ5YKYRhT3MFKZMbjag=
github.com/go-logr/stdr v1.2.2/go.mod h1:mMo/vtBO5dYbehREoey6XUKy/eSumjCCveDpRre4VKE=
github.com/golang/protobuf v1.5.4 h1:i7eJL8qZTpSEXOPTxNKhASYpMn+8e5Q6AdndVa1dWek=
github.com/golang/protobuf v1.5.4/go.mod h1:lnTiLA8Wa4RWRcIUkrtSVa5nRhsEGBg48fD6rSs7xps=
github.com/golang/snappy v0.0.4 h1:yAGX7huGHXlcLOEtBnF4w7FQwA26wojNCwOYAEhLjQM=
github.com/golang/snappy v0.0.4/go.mod h1:/XxbfmMg8lxefKM7IXC3fBNl/7bRcc72aCRzEWrmP2Q=
github.com/google/go-cmp v0.6.0 h1:ofyhxvXcZhMsU5ulbFiLKl/XBFqE1GSq7atu8tAmTRI=
github.com/google/go-cmp v0.6.0/go.mod h1:17dUlkBOakJ0+DkrSSNjCkIjxS6bF9zb3elmeNGIjoY=
github.com/google/uuid v1.6.0 h1:NIvaJDMOsjHA8n1jAhLSgzrAzy1Hgr+hNrb57e+94F0=
github.com/google/uuid v1.6.0/go.mod h1:TIyPZe4MgqvfeYDBFedMoGGpEw/LqOeaOT+nhxU+yHo=
github.com/gorilla/websocket v1.5.1 h1:gmztn0JnHVt9JZquRuzLw3g4wouNVzKL15iLr/zn/QY=
github.com/gorilla/websocket v1.5.1/go.mod h1:x3kM2JMyaluk02fnUJpQuwD2dCS5NDG2ZHL0uE0tcaY=
github.com/jessevdk/go-flags v1.5.0 h1:1jKYvbxEjfUl0fmqTCOfonvskHHXMjBySTLW4y9LFvc=
github.com/jessevdk/go-flags v1.5.0/go.mod h1:Fw0T6WPc1dYxT4mKEZRfG5kJhaTDP9pj1c2EWnYs/m4=
github.com/jrick/bitset v1.0.0 h1:Ws0PXV3PwXqWK2n7Vz6idCdrV/9OrBXgHEJi27ZB9Dw=
github.com/jrick/bitset v1.0.0/go.mod h1:ZOYB5Uvkla7wIEY4FEssPVi3IQXa02arznRaYaAEPe4=
github.com/jrick/logrotate v1.0.0 h1:lQ1bL/n9mBNeIXoTUoYRlK4dHuNJVofX9oWqBtPnSzI=
github.com/jrick/logrotate v1.0.0/go.mod h1:LNinyqDIJnpAur+b8yyulnQw/wDuN1+BYKlTRt3OuAQ=
github.com/jrick/wsrpc/v2 v2.3.8 h1:9vfM8o9g00HXQb/3D6+Y9Cy1uybjD7K1272vtdXXBps=
github.com/jrick/wsrpc/v2 v2.3.8/go.mod h1:Ha6uT2AOjHkaiBWMjWfWUFvjDrppbfy0ghLKxPPYmY4=
github.com/klauspost/cpuid/v2 v2.2.8 h1:+StwCXwm9PdpiEkPyzBXIy+M9KUb4ODm0Zarf1kS5BM=
github.com/klauspost/cpuid/v2 v2.2.8/go.mod h1:Lcz8mBdAVJIBVzewtcLocK12l3Y+JytZYpaMropDUws=
github.com/monetarium/monetarium-node/addrmgr v1.3.10 h1:hPR626PySjJ22KiVkq/fhgEujBefVCl3T3ZJTSqPeCQ=
github.com/monetarium/monetarium-node/addrmgr v1.3.10/go.mod h1:bQDGsTvbO83ZSI+3bJehQhuxJgqJl6w0qvGPpA3CnZ8=
github.com/monetarium/monetarium-node/blockchain v1.3.10 h1:EmvJ90vqsP/boYJ+9Ef0wYbt9Eel9PXnRtNNSFcilOQ=
github.com/monetarium/monetarium-node/blockchain v1.3.10/go.mod h1:z4dDl/dY5qXrIqyJy/Mhk49DwFrKUjbfVmGdeTQgbqk=
github.com/monetarium/monetarium-node/blockchain/stake v1.3.10 h1:srDtpBVNBU9r0W/H5b9R0VVBwZlSzmte/9/lpmyv7AY=
github.com/monetarium/monetarium-node/blockchain/stake v1.3.10/go.mod h1:CIewPv0beFWhhPm/uOUY122jJexLuo6XFimxmzQrWRk=
github.com/monetarium/monetarium-node/blockchain/standalone v1.3.10 h1:cVizoSh8CebZ39QKbWFzvTITRXeC5lz7hT0VyhnK4wk=
github.com/monetarium/monetarium-node/blockchain/standalone v1.3.10/go.mod h1:bkk4+c319C72VcDjWDauA9c1TFvoPmJGGoCtwmgehwI=
github.com/monetarium/monetarium-node/certgen v1.3.10 h1:hTV65DCZ0dgmsh1J81mFpFjCEwsq3tI+3oGx3jyzOyo=
github.com/monetarium/monetarium-node/certgen v1.3.10/go.mod h1:arsOOVYbLJ48Ehvwoj8+9WQM3oXEfk3Q8GcSKW+kTsU=
github.com/monetarium/monetarium-node/chaincfg v1.3.10 h1:KjSPV1ssSUnzPhg/I5/QEsSlrputZrvrV+jwdnRrQQk=
github.com/monetarium/monetarium-node/chaincfg v1.3.10/go.mod h1:DnJL/96I5g49m05a+h/QqZBC4rbk51j1yY40JvdSgaQ=
github.com/monetarium/monetarium-node/chaincfg/chainhash v1.3.10 h1:r58CfisuBhPqy53wXMf38yuft7hmaUBwDL4fmhf5lr4=
github.com/monetarium/monetarium-node/chaincfg/chainhash v1.3.10/go.mod h1:dy7Kyq9RLPOs/hOzpt2i8vDWlolMEUGhheK3jlKaops=
github.com/monetarium/monetarium-node/cointype v1.3.10 h1:3YLTsl8ttyGDrtovSPgOsEvP/cqsZz4WIpH/sYONdqI=
github.com/monetarium/monetarium-node/cointype v1.3.10/go.mod h1:yhixKskK9FBKjKoH07NzgvEGPCOjW5iaLhgtfAO7808=
github.com/monetarium/monetarium-node/connmgr v1.3.10 h1:N/Acm/ckrU53Bq97/AMvqjQEwSewvxoenbLuqfelJWc=
github.com/monetarium/monetarium-node/connmgr v1.3.10/go.mod h1:mk8QE85BYGi6wPzyv36P4iYN9Z0IOjxdkNJm8kEIZYo=
github.com/monetarium/monetarium-node/container/lru v1.3.10 h1:GIwoo9OY6quXi4+1sbUsWT2dtz2bHpW5lRhaTwV0E4k=
github.com/monetarium/monetarium-node/container/lru v1.3.10/go.mod h1:pQJXVFxz3YDq9Sa9s+eCeUI40TwGwR0n/VOhO0yuxFA=
github.com/monetarium/monetarium-node/crypto/blake256 v1.3.10 h1:bGYzOa8kP2XxAbu9K8Gn0qq0hBy4OKZ0crIzTcmDk6Q=
github.com/monetarium/monetarium-node/crypto/blake256 v1.3.10/go.mod h1:+dUk+/kJYZCEfhySioeBRQD7l8yHVm3Q3g7Gd3lRjHk=
github.com/monetarium/monetarium-node/crypto/rand v1.3.10 h1:G/t2SG+wB/1X3O0+QajflS8KzpynDJSssQJLX+zvMPs=
github.com/monetarium/monetarium-node/crypto/rand v1.3.10/go.mod h1:3fOYD2Kid37bBjUuVa0lZEIcHE8pFs7D2eNz4vdTo88=
github.com/monetarium/monetarium-node/crypto/ripemd160 v1.3.10 h1:nihAtUW+FXZ56o4y8tk+N3x6XoLHF6rMMCD++juiou0=
github.com/monetarium/monetarium-node/crypto/ripemd160 v1.3.10/go.mod h1:5IaiDGHDPLi+4j30Ik9PwBthqhjhXGw54gCL3uU7dNo=
github.com/monetarium/monetarium-node/database v1.3.10 h1:BNLTVjCxtD8a/iHctJiiXSDNA4s1coEGBlScS/oiHN0=
github.com/monetarium/monetarium-node/database v1.3.10/go.mod h1:IO69jVyyGY+VEVIFm3wh4q3EhQeAhRHHcahGg2CvS0Y=
github.com/monetarium/monetarium-node/dcrec v1.3.10 h1:NivVDUifuzmalyEd5LSubU+AlTqCITw1LIKUXOERvb4=
github.com/monetarium/monetarium-node/dcrec v1.3.10/go.mod h1:raW6YB1vSdu7TzY3x0usHwV4jZket1Oh9Wt4mGF/h7w=
github.com/monetarium/monetarium-node/dcrec/edwards v1.3.10 h1:vJX0w/C0xK4q++eNvdkWehZKaRG+bpmriJkFLp4lcy4=
github.com/monetarium/monetarium-node/dcrec/edwards v1.3.10/go.mod h1:Y8pn6G6CpXUC9W0d6J0oHVYbKIZCKpFZXt1GLRQFvRE=
github.com/monetarium/monetarium-node/dcrec/secp256k1 v1.3.10 h1:T0RNwIgc6vW+91Nba4ynXrxMXUl03GJ8gQbp1jAFXCg=
github.com/monetarium/monetarium-node/dcrec/secp256k1 v1.3.10/go.mod h1:jXrYqiG6NvoyuJLskr+xf0xjy9kjmFL9ko1OKdmCJYc=
github.com/monetarium/monetarium-node/dcrjson v1.3.10 h1:Yfpo4s6T0Mo61gyX9PRTUtUwYMO4Nzo7lG3+7Iv7UNA=
github.com/monetarium/monetarium-node/dcrjson v1.3.10/go.mod h1:7X9rUVQFrdQRgBvxOx75f6Li0FsfDqyc9NLd+iRMgrY=
github.com/monetarium/monetarium-node/dcrutil v1.3.10 h1:tClaWALxonS7L5XlQsI1IgfHWdGVUkrNTbpc4Tj/Zlc=
github.com/monetarium/monetarium-node/dcrutil v1.3.10/go.mod h1:j0iW6RuKhTmc7WbguLSqtSrQC8cWjnCBCi7Qp/tgLbs=
github.com/monetarium/monetarium-node/gcs v1.3.10 h1:o5TUMUPwQem9tmBhcujICo8hSKR/7fxImtKF55hzCBA=
github.com/monetarium/monetarium-node/gcs v1.3.10/go.mod h1:dMGGacTDPrWidn7JISWVLuvtplZZUwmhV0fAVd2gexQ=
github.com/monetarium/monetarium-node/hdkeychain v1.3.10 h1:k+E2x2VC4SLM8w6gYawBaBiLjtt+ocg/AIjBNEIuVMM=
github.com/monetarium/monetarium-node/hdkeychain v1.3.10/go.mod h1:pYiL5bGEVvz5RAwm9PHKuHKFJqA1Zhp/eytVrAoxDMk=
github.com/monetarium/monetarium-node/mixing v1.3.10 h1:/5BNR3IatQXI73IVRqahhjR53AtmzhJIVTSGQwQVugo=
github.com/monetarium/monetarium-node/mixing v1.3.10/go.mod h1:TrWLFdMw3xzZr4+HSVQeQPhWTNg6hsQCQkmdy43/Elc=
github.com/monetarium/monetarium-node/rpc/jsonrpc/types v1.3.10 h1:Y5Wv4912O1lg4Pr+igKWn3Zmqn3c8Ho1i2M7HCxfy4Y=
github.com/monetarium/monetarium-node/rpc/jsonrpc/types v1.3.10/go.mod h1:g6UepULos60sb9ZOzqg8ykWjs6jAbuOwCEaLavB+7qU=
github.com/monetarium/monetarium-node/rpcclient v1.3.10 h1:oMR1sCvssx8BYH6dUllsCJ1d38fkzVxMHDm+JWJyO54=
github.com/monetarium/monetarium-node/rpcclient v1.3.10/go.mod h1:DX5r2KKs5CnzRCYRJTBMQjcCqc+uf9pSMO2DItLZ8oI=
github.com/monetarium/monetarium-node/txscript v1.3.10 h1:CRIZdt559B0niYvWTrpQZ5iGPdMoCnMsaZMyz6TncMA=
github.com/monetarium/monetarium-node/txscript v1.3.10/go.mod h1:cyeEHOsG7Q+anUpbN29EcYx6KPJ2q0pMjWSqIVqK3SM=
github.com/monetarium/monetarium-node/wire v1.3.10 h1:fOvJgBbWEOBdvOJt+hgihGH2PSxnbc1d6+ZcigrIDgE=
github.com/monetarium/monetarium-node/wire v1.3.10/go.mod h1:9JZ8oEbUCZu/F53GMBzHj/ZtDaibiHi7uAYa4FdRfM4=
github.com/pmezard/go-difflib v1.0.0 h1:4DBwDE0NGyQoBHbLQYPwSUPoCMWR5BEzIk/f1lZbAQM=
github.com/pmezard/go-difflib v1.0.0/go.mod h1:iKH77koFhYxTK1pcRnkKkqfTogsbg7gZNVY4sRDYZ/4=
github.com/stretchr/testify v1.8.1 h1:w7B6lhMri9wdJUVmEZPGGhZzrYTPvgJArz7wNPgYKsk=
github.com/stretchr/testify v1.8.1/go.mod h1:w2LPCIKwWwSfY2zedu0+kehJoqGctiVI29o6fzry7u4=
github.com/syndtr/goleveldb v1.0.1-0.20210819022825-2ae1ddf74ef7 h1:epCh84lMvA70Z7CTTCmYQn2CKbY8j86K7/FAIr141uY=
github.com/syndtr/goleveldb v1.0.1-0.20210819022825-2ae1ddf74ef7/go.mod h1:q4W45IWZaF22tdD+VEXcAWRA037jwmWEB5VWYORlTpc=
go.etcd.io/bbolt v1.3.11 h1:yGEzV1wPz2yVCLsD8ZAiGHhHVlczyC9d1rP43/VCRJ0=
go.etcd.io/bbolt v1.3.11/go.mod h1:dksAq7YMXoljX0xu6VF5DMZGbhYYoLUalEiSySYAS4I=
go.opentelemetry.io/auto/sdk v1.1.0 h1:cH53jehLUN6UFLY71z+NDOiNJqDdPRaXzTel0sJySYA=
go.opentelemetry.io/auto/sdk v1.1.0/go.mod h1:3wSPjt5PWp2RhlCcmmOial7AvC4DQqZb7a7wCow3W8A=
go.opentelemetry.io/otel v1.34.0 h1:zRLXxLCgL1WyKsPVrgbSdMN4c0FMkDAskSTQP+0hdUY=
go.opentelemetry.io/otel v1.34.0/go.mod h1:OWFPOQ+h4G8xpyjgqo4SxJYdDQ/qmRH+wivy7zzx9oI=
go.opentelemetry.io/otel/metric v1.34.0 h1:+eTR3U0MyfWjRDhmFMxe2SsW64QrZ84AOhvqS7Y+PoQ=
go.opentelemetry.io/otel/metric v1.34.0/go.mod h1:CEDrp0fy2D0MvkXE+dPV7cMi8tWZwX3dmaIhwPOaqHE=
go.opentelemetry.io/otel/sdk v1.34.0 h1:95zS4k/2GOy069d321O8jWgYsW3MzVV+KuSPKp7Wr1A=
go.opentelemetry.io/otel/sdk v1.34.0/go.mod h1:0e/pNiaMAqaykJGKbi+tSjWfNNHMTxoC9qANsCzbyxU=
go.opentelemetry.io/otel/sdk/metric v1.34.0 h1:5CeK9ujjbFVL5c1PhLuStg1wxA7vQv7ce1EK0Gyvahk=
go.opentelemetry.io/otel/sdk/metric v1.34.0/go.mod h1:jQ/r8Ze28zRKoNRdkjCZxfs6YvBTG1+YIqyFVFYec5w=
go.opentelemetry.io/otel/trace v1.34.0 h1:+ouXS2V8Rd4hp4580a8q23bg0azF2nI8cqLYnC8mh/k=
go.opentelemetry.io/otel/trace v1.34.0/go.mod h1:Svm7lSjQD7kG7KJ/MUHPVXSDGz2OX4h0M2jHBhmSfRE=
golang.org/x/crypto v0.33.0 h1:IOBPskki6Lysi0lo9qQvbxiQ+FvsCC/YWOecCHAixus=
golang.org/x/crypto v0.33.0/go.mod h1:bVdXmD7IV/4GdElGPozy6U7lWdRXA4qyRVGJV57uQ5M=
golang.org/x/net v0.34.0 h1:Mb7Mrk043xzHgnRM88suvJFwzVrRfHEHJEl5/71CKw0=
golang.org/x/net v0.34.0/go.mod h1:di0qlW3YNM5oh6GqDGQr92MyTozJPmybPK4Ev/Gm31k=
golang.org/x/sync v0.11.0 h1:GGz8+XQP4FvTTrjZPzNKTMFtSXH80RAzG+5ghFPgK9w=
golang.org/x/sync v0.11.0/go.mod h1:Czt+wKu1gCyEFDUtn0jG5QVvpJ6rzVqr5aXyt9drQfk=
golang.org/x/sys v0.0.0-20210320140829-1e4c9ba3b0c4/go.mod h1:h1NjWce9XRLGQEsW7wpKNCjG9DtNlClVuFLEZdDNbEs=
golang.org/x/sys v0.5.0/go.mod h1:oPkhp1MJrh7nUepCBck5+mAzfO9JrbApNNgaTdGDITg=
golang.org/x/sys v0.30.0 h1:QjkSwP/36a20jFYWkSue1YwXzLmsV5Gfq7Eiy72C1uc=
golang.org/x/sys v0.30.0/go.mod h1:/VUhepiaJMQUp4+oa/7Zr1D23ma6VTLIYjOOTFZPUcA=
golang.org/x/term v0.29.0 h1:L6pJp37ocefwRRtYPKSWOWzOtWSxVajvz2ldH/xi3iU=
golang.org/x/term v0.29.0/go.mod h1:6bl4lRlvVuDgSf3179VpIxBF0o10JUpXWOnI7nErv7s=
golang.org/x/text v0.22.0 h1:bofq7m3/HAFvbF51jz3Q9wLg3jkvSPuiZu/pD1XwgtM=
golang.org/x/text v0.22.0/go.mod h1:YRoo4H8PVmsu+E3Ou7cqLVH8oXWIHVoX0jqUWALQhfY=
google.golang.org/genproto/googleapis/rpc v0.0.0-20250115164207-1a7da9e5054f h1:OxYkA3wjPsZyBylwymxSHa7ViiW1Sml4ToBrncvFehI=
google.golang.org/genproto/googleapis/rpc v0.0.0-20250115164207-1a7da9e5054f/go.mod h1:+2Yz8+CLJbIfL9z73EW45avw8Lmge3xVElCP9zEKi50=
google.golang.org/grpc v1.71.0 h1:kF77BGdPTQ4/JZWMlb9VpJ5pa25aqvVqogsxNHHdeBg=
google.golang.org/grpc v1.71.0/go.mod h1:H0GRtasmQOh9LkFoCPDu3ZrwUtD1YGE+b2vYBYd/8Ec=
google.golang.org/grpc/cmd/protoc-gen-go-grpc v1.5.1 h1:F29+wU6Ee6qgu9TddPgooOdaqsxTMunOoj8KA5yuS5A=
google.golang.org/grpc/cmd/protoc-gen-go-grpc v1.5.1/go.mod h1:5KF+wpkbTSbGcR9zteSqZV6fqFOWBl4Yde8En8MryZA=
google.golang.org/protobuf v1.36.5 h1:tPhr+woSbjfYvY6/GPufUoYizxw1cF/yFoxJ2fmpwlM=
google.golang.org/protobuf v1.36.5/go.mod h1:9fA7Ob0pmnwhb644+1+CVWFRbNajQ6iRojtC/QF5bRE=
gopkg.in/yaml.v3 v3.0.1 h1:fxVm/GzAzEWqLHuvctI91KS9hhNmmWOoWu0XTYJS7CA=
gopkg.in/yaml.v3 v3.0.1/go.mod h1:K4uyk7z7BCEPqu6E+C64Yfv1cQ7kz7rIZviUmN+EgEM=
lukechampine.com/blake3 v1.3.0 h1:sJ3XhFINmHSrYCgl958hscfIa3bw8x4DqMP3u1YvoYE=
lukechampine.com/blake3 v1.3.0/go.mod h1:0OFRp7fBtAylGVCO40o87sbupkyIGgbpv1+M1k1LM6k=
